# @generated by Move, please check-in and do not edit manually.

[move]
version = 2
manifest_digest = "179E2C32E7EE1B3609CABA6E68417BB15956AE320CE183CFD65C330D6295767D"
deps_digest = "F8BBB0CCB2491CA29A3DF03D6F92277A4F3574266507ACD77214D37ECA3F3082"
dependencies = [
  { name = "Sui" },
]

[[move.package]]
name = "MoveStdlib"
source = { git = "https://github.com/MystenLabs/sui.git", rev = "framework/testnet", subdir = "crates/sui-framework/packages/move-stdlib" }

[[move.package]]
name = "Sui"
source = { git = "https://github.com/MystenLabs/sui.git", rev = "framework/testnet", subdir = "crates/sui-framework/packages/sui-framework" }

dependencies = [
  { name = "MoveStdlib" },
]

[move.toolchain-version]
compiler-version = "1.25.0"
edition = "2024.beta"
flavor = "sui"

[env]

[env.testnet]
chain-id = "4c78adac"
original-published-id = "0xeb30dd707c06819466c726b940051953c4263f613cf473fc0d1ccdd5fada9b9c"
latest-published-id = "0xeb30dd707c06819466c726b940051953c4263f613cf473fc0d1ccdd5fada9b9c"
published-version = "1"
